
Microsoft Visual Studio Solution File, Format Version 12.00
# Visual Studio Version 16
VisualStudioVersion = 16.0.32929.386
MinimumVisualStudioVersion = 10.0.40219.1
Project("{FAE04EC0-301F-11D3-BF4B-00C04F79EFBC}") = "DevCard_MVC", "DevCard_MVC\DevCard_MVC.csproj", "{7ED047B3-E590-4BE6-992B-4607BABC1DE2}"
EndProject
Global
	GlobalSection(SolutionConfigurationPlatforms) = preSolution
		Debug|Any CPU = Debug|Any CPU
		Release|Any CPU = Release|Any CPU
	EndGlobalSection
	GlobalSection(ProjectConfigurationPlatforms) = postSolution
		{7ED047B3-E590-4BE6-992B-4607BABC1DE2}.Debug|Any CPU.ActiveCfg = Debug|Any CPU
		{7ED047B3-E590-4BE6-992B-4607BABC1DE2}.Debug|Any CPU.Build.0 = Debug|Any CPU
		{7ED047B3-E590-4BE6-992B-4607BABC1DE2}.Release|Any CPU.ActiveCfg = Release|Any CPU
		{7ED047B3-E590-4BE6-992B-4607BABC1DE2}.Release|Any CPU.Build.0 = Release|Any CPU
	EndGlobalSection
	GlobalSection(SolutionProperties) = preSolution
		HideSolutionNode = FALSE
	EndGlobalSection
	GlobalSection(ExtensibilityGlobals) = postSolution
		SolutionGuid = {896A87AF-BE65-44B2-B2F9-EF5FD946AF20}
	EndGlobalSection
EndGlobal
